
Microsoft Visual Studio Solution File, Format Version 12.00
Project("{2150E333-8FDC-42A3-9474-1A3956D46DE8}") = "DIP_Before", "DIP_Before", "{67EF4ABC-02EA-4A58-8677-14BF63EB3D68}"
EndProject
Project("{FAE04EC0-301F-11D3-BF4B-00C04F79EFBC}") = "DIP_Before", "DIP_Before\DIP_Before.csproj", "{959E3F7C-8525-4499-B427-076C44EE54A5}"
EndProject
Project("{2150E333-8FDC-42A3-9474-1A3956D46DE8}") = "DIP_After", "DIP_After", "{ECB12EA0-1028-4783-B214-7471C6E7A09E}"
EndProject
Project("{FAE04EC0-301F-11D3-BF4B-00C04F79EFBC}") = "DIP_Abstraction", "DIP_Abstraction\DIP_Abstraction.csproj", "{EFE0664A-351A-40D5-B870-9ED6544BFBC5}"
EndProject
Project("{FAE04EC0-301F-11D3-BF4B-00C04F79EFBC}") = "DIP_HighLevelModule", "DIP_HighLevelModule\DIP_HighLevelModule.csproj", "{0083F9E8-6A96-4CB6-8766-F354EA9676C1}"
EndProject
Project("{FAE04EC0-301F-11D3-BF4B-00C04F79EFBC}") = "DIP_LowLevelModule", "DIP_LowLevelModule\DIP_LowLevelModule.csproj", "{2DFC38E2-E188-4B5C-ACF2-366E88A3EB39}"
EndProject
Project("{FAE04EC0-301F-11D3-BF4B-00C04F79EFBC}") = "DIP_Client", "DIP_Client\DIP_Client.csproj", "{6BB4B7A0-8422-44F0-9BC8-601ED5871C76}"
EndProject
Global
	GlobalSection(SolutionConfigurationPlatforms) = preSolution
		Debug|Any CPU = Debug|Any CPU
		Release|Any CPU = Release|Any CPU
	EndGlobalSection
	GlobalSection(ProjectConfigurationPlatforms) = postSolution
		{959E3F7C-8525-4499-B427-076C44EE54A5}.Debug|Any CPU.ActiveCfg = Debug|Any CPU
		{959E3F7C-8525-4499-B427-076C44EE54A5}.Debug|Any CPU.Build.0 = Debug|Any CPU
		{959E3F7C-8525-4499-B427-076C44EE54A5}.Release|Any CPU.ActiveCfg = Release|Any CPU
		{959E3F7C-8525-4499-B427-076C44EE54A5}.Release|Any CPU.Build.0 = Release|Any CPU
		{EFE0664A-351A-40D5-B870-9ED6544BFBC5}.Debug|Any CPU.ActiveCfg = Debug|Any CPU
		{EFE0664A-351A-40D5-B870-9ED6544BFBC5}.Debug|Any CPU.Build.0 = Debug|Any CPU
		{EFE0664A-351A-40D5-B870-9ED6544BFBC5}.Release|Any CPU.ActiveCfg = Release|Any CPU
		{EFE0664A-351A-40D5-B870-9ED6544BFBC5}.Release|Any CPU.Build.0 = Release|Any CPU
		{0083F9E8-6A96-4CB6-8766-F354EA9676C1}.Debug|Any CPU.ActiveCfg = Debug|Any CPU
		{0083F9E8-6A96-4CB6-8766-F354EA9676C1}.Debug|Any CPU.Build.0 = Debug|Any CPU
		{0083F9E8-6A96-4CB6-8766-F354EA9676C1}.Release|Any CPU.ActiveCfg = Release|Any CPU
		{0083F9E8-6A96-4CB6-8766-F354EA9676C1}.Release|Any CPU.Build.0 = Release|Any CPU
		{2DFC38E2-E188-4B5C-ACF2-366E88A3EB39}.Debug|Any CPU.ActiveCfg = Debug|Any CPU
		{2DFC38E2-E188-4B5C-ACF2-366E88A3EB39}.Debug|Any CPU.Build.0 = Debug|Any CPU
		{2DFC38E2-E188-4B5C-ACF2-366E88A3EB39}.Release|Any CPU.ActiveCfg = Release|Any CPU
		{2DFC38E2-E188-4B5C-ACF2-366E88A3EB39}.Release|Any CPU.Build.0 = Release|Any CPU
		{6BB4B7A0-8422-44F0-9BC8-601ED5871C76}.Debug|Any CPU.ActiveCfg = Debug|Any CPU
		{6BB4B7A0-8422-44F0-9BC8-601ED5871C76}.Debug|Any CPU.Build.0 = Debug|Any CPU
		{6BB4B7A0-8422-44F0-9BC8-601ED5871C76}.Release|Any CPU.ActiveCfg = Release|Any CPU
		{6BB4B7A0-8422-44F0-9BC8-601ED5871C76}.Release|Any CPU.Build.0 = Release|Any CPU
	EndGlobalSection
	GlobalSection(NestedProjects) = preSolution
		{959E3F7C-8525-4499-B427-076C44EE54A5} = {67EF4ABC-02EA-4A58-8677-14BF63EB3D68}
		{EFE0664A-351A-40D5-B870-9ED6544BFBC5} = {ECB12EA0-1028-4783-B214-7471C6E7A09E}
		{0083F9E8-6A96-4CB6-8766-F354EA9676C1} = {ECB12EA0-1028-4783-B214-7471C6E7A09E}
		{2DFC38E2-E188-4B5C-ACF2-366E88A3EB39} = {ECB12EA0-1028-4783-B214-7471C6E7A09E}
		{6BB4B7A0-8422-44F0-9BC8-601ED5871C76} = {ECB12EA0-1028-4783-B214-7471C6E7A09E}
	EndGlobalSection
EndGlobal
