
Microsoft Visual Studio Solution File, Format Version 12.00
Project("{FAE04EC0-301F-11D3-BF4B-00C04F79EFBC}") = "CodeAlong-emne3", "CodeAlong-emne3\CodeAlong-emne3.csproj", "{4C2E2D38-DB81-4642-9BE7-E0BDF54DFBD4}"
EndProject
Global
	GlobalSection(SolutionConfigurationPlatforms) = preSolution
		Debug|Any CPU = Debug|Any CPU
		Release|Any CPU = Release|Any CPU
	EndGlobalSection
	GlobalSection(ProjectConfigurationPlatforms) = postSolution
		{4C2E2D38-DB81-4642-9BE7-E0BDF54DFBD4}.Debug|Any CPU.ActiveCfg = Debug|Any CPU
		{4C2E2D38-DB81-4642-9BE7-E0BDF54DFBD4}.Debug|Any CPU.Build.0 = Debug|Any CPU
		{4C2E2D38-DB81-4642-9BE7-E0BDF54DFBD4}.Release|Any CPU.ActiveCfg = Release|Any CPU
		{4C2E2D38-DB81-4642-9BE7-E0BDF54DFBD4}.Release|Any CPU.Build.0 = Release|Any CPU
	EndGlobalSection
EndGlobal
